
Microsoft Visual Studio Solution File, Format Version 12.00
# Visual Studio Version 17
VisualStudioVersion = 17.6.33829.357
MinimumVisualStudioVersion = 10.0.40219.1
Project("{FAE04EC0-301F-11D3-BF4B-00C04F79EFBC}") = "PRBFModManager", "PRBFModManager\PRBFModManager.csproj", "{87FEEE93-D358-47B8-BA7E-E61D83D39B9A}"
EndProject
Global
	GlobalSection(SolutionConfigurationPlatforms) = preSolution
		Debug|Any CPU = Debug|Any CPU
		Release|Any CPU = Release|Any CPU
	EndGlobalSection
	GlobalSection(ProjectConfigurationPlatforms) = postSolution
		{87FEEE93-D358-47B8-BA7E-E61D83D39B9A}.Debug|Any CPU.ActiveCfg = Debug|Any CPU
		{87FEEE93-D358-47B8-BA7E-E61D83D39B9A}.Debug|Any CPU.Build.0 = Debug|Any CPU
		{87FEEE93-D358-47B8-BA7E-E61D83D39B9A}.Release|Any CPU.ActiveCfg = Release|Any CPU
		{87FEEE93-D358-47B8-BA7E-E61D83D39B9A}.Release|Any CPU.Build.0 = Release|Any CPU
	EndGlobalSection
	GlobalSection(SolutionProperties) = preSolution
		HideSolutionNode = FALSE
	EndGlobalSection
	GlobalSection(ExtensibilityGlobals) = postSolution
		SolutionGuid = {2ADDE9DC-D4C1-49AC-A09D-525A498CD520}
	EndGlobalSection
EndGlobal
